// !$*UTF8*$!
{
	archiveVersion = 1;
	classes = {
	};
	objectVersion = 46;
	objects = {

/* Begin PBXBuildFile section */
		0C41CFBC1EB1B5FC005BDF68 /* libiconv.tbd in Frameworks */ = {isa = PBXBuildFile; fileRef = 0C41CFBB1EB1B5FC005BDF68 /* libiconv.tbd */; };
		0CC6E8941ECB22A2007CE1A9 /* libbz2.1.0.tbd in Frameworks */ = {isa = PBXBuildFile; fileRef = 0CC6E8931ECB22A2007CE1A9 /* libbz2.1.0.tbd */; };
		0CC6E8951ECB22B9007CE1A9 /* libz.tbd in Frameworks */ = {isa = PBXBuildFile; fileRef = 0C41CFBD1EB1B603005BDF68 /* libz.tbd */; };
		582605661CC3940A00F9E215 /* VideoToolbox.framework in Frameworks */ = {isa = PBXBuildFile; fileRef = 582605651CC3940A00F9E215 /* VideoToolbox.framework */; };
		586D8C2D1D1CDABD004737FF /* back_color.png in Resources */ = {isa = PBXBuildFile; fileRef = 586D8C231D1CDABD004737FF /* back_color.png */; };
		586D8C2E1D1CDABD004737FF /* backIcon@2x.png in Resources */ = {isa = PBXBuildFile; fileRef = 586D8C241D1CDABD004737FF /* backIcon@2x.png */; };
		586D8C2F1D1CDABD004737FF /* btn_selected@2x.png in Resources */ = {isa = PBXBuildFile; fileRef = 586D8C251D1CDABD004737FF /* btn_selected@2x.png */; };
		586D8C301D1CDABD004737FF /* btn_selected@3x.png in Resources */ = {isa = PBXBuildFile; fileRef = 586D8C261D1CDABD004737FF /* btn_selected@3x.png */; };
		586D8C311D1CDABD004737FF /* btn_unselected@2x.png in Resources */ = {isa = PBXBuildFile; fileRef = 586D8C271D1CDABD004737FF /* btn_unselected@2x.png */; };
		586D8C321D1CDABD004737FF /* btn_unselected@3x.png in Resources */ = {isa = PBXBuildFile; fileRef = 586D8C281D1CDABD004737FF /* btn_unselected@3x.png */; };
		586D8C331D1CDABD004737FF /* fullScreen@2x.png in Resources */ = {isa = PBXBuildFile; fileRef = 586D8C291D1CDABD004737FF /* fullScreen@2x.png */; };
		586D8C341D1CDABD004737FF /* playSmall.png in Resources */ = {isa = PBXBuildFile; fileRef = 586D8C2A1D1CDABD004737FF /* playSmall.png */; };
		586D8C351D1CDABD004737FF /* shareIcon@2x.png in Resources */ = {isa = PBXBuildFile; fileRef = 586D8C2B1D1CDABD004737FF /* shareIcon@2x.png */; };
		586D8C361D1CDABD004737FF /* stopSmall.png in Resources */ = {isa = PBXBuildFile; fileRef = 586D8C2C1D1CDABD004737FF /* stopSmall.png */; };
		58B63DD61D1A7039005C957B /* ConvertTime.m in Sources */ = {isa = PBXBuildFile; fileRef = 58B63DD51D1A7039005C957B /* ConvertTime.m */; };
		58B63DDC1D1A71AB005C957B /* PlayVideoView.m in Sources */ = {isa = PBXBuildFile; fileRef = 58B63DD91D1A71AB005C957B /* PlayVideoView.m */; };
		58B63DDD1D1A71AB005C957B /* RecorderView.m in Sources */ = {isa = PBXBuildFile; fileRef = 58B63DDB1D1A71AB005C957B /* RecorderView.m */; };
		58BE956C1CA40E820031FFEE /* main.m in Sources */ = {isa = PBXBuildFile; fileRef = 58BE956B1CA40E820031FFEE /* main.m */; };
		58BE956F1CA40E820031FFEE /* AppDelegate.m in Sources */ = {isa = PBXBuildFile; fileRef = 58BE956E1CA40E820031FFEE /* AppDelegate.m */; };
		58BE95721CA40E820031FFEE /* ViewController.m in Sources */ = {isa = PBXBuildFile; fileRef = 58BE95711CA40E820031FFEE /* ViewController.m */; };
		58BE95751CA40E830031FFEE /* Main.storyboard in Resources */ = {isa = PBXBuildFile; fileRef = 58BE95731CA40E830031FFEE /* Main.storyboard */; };
		58BE95771CA40E830031FFEE /* Assets.xcassets in Resources */ = {isa = PBXBuildFile; fileRef = 58BE95761CA40E830031FFEE /* Assets.xcassets */; };
		58BE957A1CA40E830031FFEE /* LaunchScreen.storyboard in Resources */ = {isa = PBXBuildFile; fileRef = 58BE95781CA40E830031FFEE /* LaunchScreen.storyboard */; };
		58BE95871CA40FEF0031FFEE /* AudioToolbox.framework in Frameworks */ = {isa = PBXBuildFile; fileRef = 58BE95861CA40FEF0031FFEE /* AudioToolbox.framework */; };
		58BE95891CA40FFF0031FFEE /* Foundation.framework in Frameworks */ = {isa = PBXBuildFile; fileRef = 58BE95881CA40FFF0031FFEE /* Foundation.framework */; };
		58BE958B1CA4100E0031FFEE /* UIKit.framework in Frameworks */ = {isa = PBXBuildFile; fileRef = 58BE958A1CA4100E0031FFEE /* UIKit.framework */; };
		58BE958D1CA4102A0031FFEE /* AVFoundation.framework in Frameworks */ = {isa = PBXBuildFile; fileRef = 58BE958C1CA4102A0031FFEE /* AVFoundation.framework */; };
		58BE958F1CA4106E0031FFEE /* AssetsLibrary.framework in Frameworks */ = {isa = PBXBuildFile; fileRef = 58BE958E1CA4106E0031FFEE /* AssetsLibrary.framework */; };
		58BE95911CA410810031FFEE /* CoreMedia.framework in Frameworks */ = {isa = PBXBuildFile; fileRef = 58BE95901CA410810031FFEE /* CoreMedia.framework */; };
		58BE963D1CA6750A0031FFEE /* libc++.tbd in Frameworks */ = {isa = PBXBuildFile; fileRef = 58BE963C1CA6750A0031FFEE /* libc++.tbd */; };
		58BE96401CA6C1770031FFEE /* libSmartPublisherSDK.a in Frameworks */ = {isa = PBXBuildFile; fileRef = 58BE963F1CA6C1770031FFEE /* libSmartPublisherSDK.a */; };
		58D469D71CD48AF60095925A /* SettingView.m in Sources */ = {isa = PBXBuildFile; fileRef = 58D469D61CD48AF60095925A /* SettingView.m */; };
/* End PBXBuildFile section */

/* Begin PBXFileReference section */
		0C34E60420F8B9A700D069D9 /* SmartRTSPSeverSDK.h */ = {isa = PBXFileReference; fileEncoding = 4; lastKnownFileType = sourcecode.c.h; path = SmartRTSPSeverSDK.h; sourceTree = "<group>"; };
		0C41CFBB1EB1B5FC005BDF68 /* libiconv.tbd */ = {isa = PBXFileReference; lastKnownFileType = "sourcecode.text-based-dylib-definition"; name = libiconv.tbd; path = usr/lib/libiconv.tbd; sourceTree = SDKROOT; };
		0C41CFBD1EB1B603005BDF68 /* libz.tbd */ = {isa = PBXFileReference; lastKnownFileType = "sourcecode.text-based-dylib-definition"; name = libz.tbd; path = usr/lib/libz.tbd; sourceTree = SDKROOT; };
		0CC6E8931ECB22A2007CE1A9 /* libbz2.1.0.tbd */ = {isa = PBXFileReference; lastKnownFileType = "sourcecode.text-based-dylib-definition"; name = libbz2.1.0.tbd; path = usr/lib/libbz2.1.0.tbd; sourceTree = SDKROOT; };
		582605651CC3940A00F9E215 /* VideoToolbox.framework */ = {isa = PBXFileReference; lastKnownFileType = wrapper.framework; name = VideoToolbox.framework; path = System/Library/Frameworks/VideoToolbox.framework; sourceTree = SDKROOT; };
		586D8C231D1CDABD004737FF /* back_color.png */ = {isa = PBXFileReference; lastKnownFileType = image.png; path = back_color.png; sourceTree = "<group>"; };
		586D8C241D1CDABD004737FF /* backIcon@2x.png */ = {isa = PBXFileReference; lastKnownFileType = image.png; path = "backIcon@2x.png"; sourceTree = "<group>"; };
		586D8C251D1CDABD004737FF /* btn_selected@2x.png */ = {isa = PBXFileReference; lastKnownFileType = image.png; path = "btn_selected@2x.png"; sourceTree = "<group>"; };
		586D8C261D1CDABD004737FF /* btn_selected@3x.png */ = {isa = PBXFileReference; lastKnownFileType = image.png; path = "btn_selected@3x.png"; sourceTree = "<group>"; };
		586D8C271D1CDABD004737FF /* btn_unselected@2x.png */ = {isa = PBXFileReference; lastKnownFileType = image.png; path = "btn_unselected@2x.png"; sourceTree = "<group>"; };
		586D8C281D1CDABD004737FF /* btn_unselected@3x.png */ = {isa = PBXFileReference; lastKnownFileType = image.png; path = "btn_unselected@3x.png"; sourceTree = "<group>"; };
		586D8C291D1CDABD004737FF /* fullScreen@2x.png */ = {isa = PBXFileReference; lastKnownFileType = image.png; path = "fullScreen@2x.png"; sourceTree = "<group>"; };
		586D8C2A1D1CDABD004737FF /* playSmall.png */ = {isa = PBXFileReference; lastKnownFileType = image.png; path = playSmall.png; sourceTree = "<group>"; };
		586D8C2B1D1CDABD004737FF /* shareIcon@2x.png */ = {isa = PBXFileReference; lastKnownFileType = image.png; path = "shareIcon@2x.png"; sourceTree = "<group>"; };
		586D8C2C1D1CDABD004737FF /* stopSmall.png */ = {isa = PBXFileReference; lastKnownFileType = image.png; path = stopSmall.png; sourceTree = "<group>"; };
		58B63DD41D1A7039005C957B /* ConvertTime.h */ = {isa = PBXFileReference; fileEncoding = 4; lastKnownFileType = sourcecode.c.h; path = ConvertTime.h; sourceTree = "<group>"; };
		58B63DD51D1A7039005C957B /* ConvertTime.m */ = {isa = PBXFileReference; fileEncoding = 4; lastKnownFileType = sourcecode.c.objc; path = ConvertTime.m; sourceTree = "<group>"; };
		58B63DD81D1A71AB005C957B /* PlayVideoView.h */ = {isa = PBXFileReference; fileEncoding = 4; lastKnownFileType = sourcecode.c.h; path = PlayVideoView.h; sourceTree = "<group>"; };
		58B63DD91D1A71AB005C957B /* PlayVideoView.m */ = {isa = PBXFileReference; fileEncoding = 4; lastKnownFileType = sourcecode.c.objc; path = PlayVideoView.m; sourceTree = "<group>"; };
		58B63DDA1D1A71AB005C957B /* RecorderView.h */ = {isa = PBXFileReference; fileEncoding = 4; lastKnownFileType = sourcecode.c.h; path = RecorderView.h; sourceTree = "<group>"; };
		58B63DDB1D1A71AB005C957B /* RecorderView.m */ = {isa = PBXFileReference; fileEncoding = 4; lastKnownFileType = sourcecode.c.objc; path = RecorderView.m; sourceTree = "<group>"; };
		58BE95671CA40E820031FFEE /* SmartiOSPublisher.app */ = {isa = PBXFileReference; explicitFileType = wrapper.application; includeInIndex = 0; path = SmartiOSPublisher.app; sourceTree = BUILT_PRODUCTS_DIR; };
		58BE956B1CA40E820031FFEE /* main.m */ = {isa = PBXFileReference; lastKnownFileType = sourcecode.c.objc; path = main.m; sourceTree = "<group>"; };
		58BE956D1CA40E820031FFEE /* AppDelegate.h */ = {isa = PBXFileReference; lastKnownFileType = sourcecode.c.h; path = AppDelegate.h; sourceTree = "<group>"; };
		58BE956E1CA40E820031FFEE /* AppDelegate.m */ = {isa = PBXFileReference; lastKnownFileType = sourcecode.c.objc; path = AppDelegate.m; sourceTree = "<group>"; };
		58BE95701CA40E820031FFEE /* ViewController.h */ = {isa = PBXFileReference; lastKnownFileType = sourcecode.c.h; path = ViewController.h; sourceTree = "<group>"; };
		58BE95711CA40E820031FFEE /* ViewController.m */ = {isa = PBXFileReference; lastKnownFileType = sourcecode.c.objc; path = ViewController.m; sourceTree = "<group>"; };
		58BE95741CA40E830031FFEE /* Base */ = {isa = PBXFileReference; lastKnownFileType = file.storyboard; name = Base; path = Base.lproj/Main.storyboard; sourceTree = "<group>"; };
		58BE95761CA40E830031FFEE /* Assets.xcassets */ = {isa = PBXFileReference; lastKnownFileType = folder.assetcatalog; path = Assets.xcassets; sourceTree = "<group>"; };
		58BE95791CA40E830031FFEE /* Base */ = {isa = PBXFileReference; lastKnownFileType = file.storyboard; name = Base; path = Base.lproj/LaunchScreen.storyboard; sourceTree = "<group>"; };
		58BE957B1CA40E830031FFEE /* Info.plist */ = {isa = PBXFileReference; lastKnownFileType = text.plist.xml; path = Info.plist; sourceTree = "<group>"; };
		58BE95841CA40FE40031FFEE /* Accelerate.framework */ = {isa = PBXFileReference; lastKnownFileType = wrapper.framework; name = Accelerate.framework; path = System/Library/Frameworks/Accelerate.framework; sourceTree = SDKROOT; };
		58BE95861CA40FEF0031FFEE /* AudioToolbox.framework */ = {isa = PBXFileReference; lastKnownFileType = wrapper.framework; name = AudioToolbox.framework; path = System/Library/Frameworks/AudioToolbox.framework; sourceTree = SDKROOT; };
		58BE95881CA40FFF0031FFEE /* Foundation.framework */ = {isa = PBXFileReference; lastKnownFileType = wrapper.framework; name = Foundation.framework; path = System/Library/Frameworks/Foundation.framework; sourceTree = SDKROOT; };
		58BE958A1CA4100E0031FFEE /* UIKit.framework */ = {isa = PBXFileReference; lastKnownFileType = wrapper.framework; name = UIKit.framework; path = System/Library/Frameworks/UIKit.framework; sourceTree = SDKROOT; };
		58BE958C1CA4102A0031FFEE /* AVFoundation.framework */ = {isa = PBXFileReference; lastKnownFileType = wrapper.framework; name = AVFoundation.framework; path = System/Library/Frameworks/AVFoundation.framework; sourceTree = SDKROOT; };
		58BE958E1CA4106E0031FFEE /* AssetsLibrary.framework */ = {isa = PBXFileReference; lastKnownFileType = wrapper.framework; name = AssetsLibrary.framework; path = System/Library/Frameworks/AssetsLibrary.framework; sourceTree = SDKROOT; };
		58BE95901CA410810031FFEE /* CoreMedia.framework */ = {isa = PBXFileReference; lastKnownFileType = wrapper.framework; name = CoreMedia.framework; path = System/Library/Frameworks/CoreMedia.framework; sourceTree = SDKROOT; };
		58BE959C1CA412000031FFEE /* SmartPublisherSDK.h */ = {isa = PBXFileReference; fileEncoding = 4; lastKnownFileType = sourcecode.c.h; path = SmartPublisherSDK.h; sourceTree = "<group>"; };
		58BE963C1CA6750A0031FFEE /* libc++.tbd */ = {isa = PBXFileReference; lastKnownFileType = "sourcecode.text-based-dylib-definition"; name = "libc++.tbd"; path = "usr/lib/libc++.tbd"; sourceTree = SDKROOT; };
		58BE963F1CA6C1770031FFEE /* libSmartPublisherSDK.a */ = {isa = PBXFileReference; lastKnownFileType = archive.ar; path = libSmartPublisherSDK.a; sourceTree = "<group>"; };
		58D469D51CD48AF60095925A /* SettingView.h */ = {isa = PBXFileReference; fileEncoding = 4; lastKnownFileType = sourcecode.c.h; path = SettingView.h; sourceTree = "<group>"; };
		58D469D61CD48AF60095925A /* SettingView.m */ = {isa = PBXFileReference; fileEncoding = 4; lastKnownFileType = sourcecode.c.objc; path = SettingView.m; sourceTree = "<group>"; };
		58DE21731D0973B800B15242 /* nt_event_define.h */ = {isa = PBXFileReference; fileEncoding = 4; lastKnownFileType = sourcecode.c.h; path = nt_event_define.h; sourceTree = "<group>"; };
/* End PBXFileReference section */

/* Begin PBXFrameworksBuildPhase section */
		58BE95641CA40E820031FFEE /* Frameworks */ = {
			isa = PBXFrameworksBuildPhase;
			buildActionMask = 2147483647;
			files = (
				0CC6E8951ECB22B9007CE1A9 /* libz.tbd in Frameworks */,
				0CC6E8941ECB22A2007CE1A9 /* libbz2.1.0.tbd in Frameworks */,
				0C41CFBC1EB1B5FC005BDF68 /* libiconv.tbd in Frameworks */,
				582605661CC3940A00F9E215 /* VideoToolbox.framework in Frameworks */,
				58BE963D1CA6750A0031FFEE /* libc++.tbd in Frameworks */,
				58BE95911CA410810031FFEE /* CoreMedia.framework in Frameworks */,
				58BE958F1CA4106E0031FFEE /* AssetsLibrary.framework in Frameworks */,
				58BE96401CA6C1770031FFEE /* libSmartPublisherSDK.a in Frameworks */,
				58BE958D1CA4102A0031FFEE /* AVFoundation.framework in Frameworks */,
				58BE958B1CA4100E0031FFEE /* UIKit.framework in Frameworks */,
				58BE95891CA40FFF0031FFEE /* Foundation.framework in Frameworks */,
				58BE95871CA40FEF0031FFEE /* AudioToolbox.framework in Frameworks */,
			);
			runOnlyForDeploymentPostprocessing = 0;
		};
/* End PBXFrameworksBuildPhase section */

/* Begin PBXGroup section */
		0C41CFBA1EB1B5FC005BDF68 /* Frameworks */ = {
			isa = PBXGroup;
			children = (
				0C41CFBD1EB1B603005BDF68 /* libz.tbd */,
				0C41CFBB1EB1B5FC005BDF68 /* libiconv.tbd */,
				0CC6E8931ECB22A2007CE1A9 /* libbz2.1.0.tbd */,
				58BE963C1CA6750A0031FFEE /* libc++.tbd */,
				582605651CC3940A00F9E215 /* VideoToolbox.framework */,
				58BE95901CA410810031FFEE /* CoreMedia.framework */,
				58BE958E1CA4106E0031FFEE /* AssetsLibrary.framework */,
				58BE958C1CA4102A0031FFEE /* AVFoundation.framework */,
				58BE958A1CA4100E0031FFEE /* UIKit.framework */,
				58BE95881CA40FFF0031FFEE /* Foundation.framework */,
				58BE95861CA40FEF0031FFEE /* AudioToolbox.framework */,
				58BE95841CA40FE40031FFEE /* Accelerate.framework */,
			);
			name = Frameworks;
			sourceTree = "<group>";
		};
		586D8C221D1CDABD004737FF /* images */ = {
			isa = PBXGroup;
			children = (
				586D8C231D1CDABD004737FF /* back_color.png */,
				586D8C241D1CDABD004737FF /* backIcon@2x.png */,
				586D8C251D1CDABD004737FF /* btn_selected@2x.png */,
				586D8C261D1CDABD004737FF /* btn_selected@3x.png */,
				586D8C271D1CDABD004737FF /* btn_unselected@2x.png */,
				586D8C281D1CDABD004737FF /* btn_unselected@3x.png */,
				586D8C291D1CDABD004737FF /* fullScreen@2x.png */,
				586D8C2A1D1CDABD004737FF /* playSmall.png */,
				586D8C2B1D1CDABD004737FF /* shareIcon@2x.png */,
				586D8C2C1D1CDABD004737FF /* stopSmall.png */,
			);
			path = images;
			sourceTree = "<group>";
		};
		58B63DD31D1A7039005C957B /* utility */ = {
			isa = PBXGroup;
			children = (
				58B63DD41D1A7039005C957B /* ConvertTime.h */,
				58B63DD51D1A7039005C957B /* ConvertTime.m */,
			);
			path = utility;
			sourceTree = "<group>";
		};
		58B63DD71D1A71AB005C957B /* playbackRecorder */ = {
			isa = PBXGroup;
			children = (
				58B63DD81D1A71AB005C957B /* PlayVideoView.h */,
				58B63DD91D1A71AB005C957B /* PlayVideoView.m */,
				58B63DDA1D1A71AB005C957B /* RecorderView.h */,
				58B63DDB1D1A71AB005C957B /* RecorderView.m */,
			);
			path = playbackRecorder;
			sourceTree = "<group>";
		};
		58BE955E1CA40E810031FFEE = {
			isa = PBXGroup;
			children = (
				58BE95691CA40E820031FFEE /* SmartiOSPublisher */,
				58BE95681CA40E820031FFEE /* Products */,
				0C41CFBA1EB1B5FC005BDF68 /* Frameworks */,
			);
			sourceTree = "<group>";
		};
		58BE95681CA40E820031FFEE /* Products */ = {
			isa = PBXGroup;
			children = (
				58BE95671CA40E820031FFEE /* SmartiOSPublisher.app */,
			);
			name = Products;
			sourceTree = "<group>";
		};
		58BE95691CA40E820031FFEE /* SmartiOSPublisher */ = {
			isa = PBXGroup;
			children = (
				586D8C221D1CDABD004737FF /* images */,
				58B63DD71D1A71AB005C957B /* playbackRecorder */,
				58B63DD31D1A7039005C957B /* utility */,
				58D469D51CD48AF60095925A /* SettingView.h */,
				58D469D61CD48AF60095925A /* SettingView.m */,
				58BE959A1CA412000031FFEE /* include */,
				58BE959D1CA412000031FFEE /* libs */,
				58BE956D1CA40E820031FFEE /* AppDelegate.h */,
				58BE956E1CA40E820031FFEE /* AppDelegate.m */,
				58BE95701CA40E820031FFEE /* ViewController.h */,
				58BE95711CA40E820031FFEE /* ViewController.m */,
				58BE95731CA40E830031FFEE /* Main.storyboard */,
				58BE95761CA40E830031FFEE /* Assets.xcassets */,
				58BE95781CA40E830031FFEE /* LaunchScreen.storyboard */,
				58BE957B1CA40E830031FFEE /* Info.plist */,
				58BE956A1CA40E820031FFEE /* Supporting Files */,
			);
			path = SmartiOSPublisher;
			sourceTree = "<group>";
		};
		58BE956A1CA40E820031FFEE /* Supporting Files */ = {
			isa = PBXGroup;
			children = (
				58BE956B1CA40E820031FFEE /* main.m */,
			);
			name = "Supporting Files";
			sourceTree = "<group>";
		};
		58BE959A1CA412000031FFEE /* include */ = {
			isa = PBXGroup;
			children = (
				0C34E60420F8B9A700D069D9 /* SmartRTSPSeverSDK.h */,
				58DE21731D0973B800B15242 /* nt_event_define.h */,
				58BE959C1CA412000031FFEE /* SmartPublisherSDK.h */,
			);
			path = include;
			sourceTree = "<group>";
		};
		58BE959D1CA412000031FFEE /* libs */ = {
			isa = PBXGroup;
			children = (
				58BE963F1CA6C1770031FFEE /* libSmartPublisherSDK.a */,
			);
			path = libs;
			sourceTree = "<group>";
		};
/* End PBXGroup section */

/* Begin PBXNativeTarget section */
		58BE95661CA40E820031FFEE /* SmartiOSPublisher */ = {
			isa = PBXNativeTarget;
			buildConfigurationList = 58BE957E1CA40E830031FFEE /* Build configuration list for PBXNativeTarget "SmartiOSPublisher" */;
			buildPhases = (
				58BE95631CA40E820031FFEE /* Sources */,
				58BE95641CA40E820031FFEE /* Frameworks */,
				58BE95651CA40E820031FFEE /* Resources */,
			);
			buildRules = (
			);
			dependencies = (
			);
			name = SmartiOSPublisher;
			productName = SmartiOSPublisher;
			productReference = 58BE95671CA40E820031FFEE /* SmartiOSPublisher.app */;
			productType = "com.apple.product-type.application";
		};
/* End PBXNativeTarget section */

/* Begin PBXProject section */
		58BE955F1CA40E810031FFEE /* Project object */ = {
			isa = PBXProject;
			attributes = {
				LastUpgradeCheck = 0720;
				ORGANIZATIONNAME = daniulive;
				TargetAttributes = {
					58BE95661CA40E820031FFEE = {
						CreatedOnToolsVersion = 7.2;
						DevelopmentTeam = WHT83EA5Y4;
						ProvisioningStyle = Automatic;
						SystemCapabilities = {
							com.apple.BackgroundModes = {
								enabled = 0;
							};
						};
					};
				};
			};
			buildConfigurationList = 58BE95621CA40E810031FFEE /* Build configuration list for PBXProject "SmartiOSPublisher" */;
			compatibilityVersion = "Xcode 3.2";
			developmentRegion = English;
			hasScannedForEncodings = 0;
			knownRegions = (
				en,
				Base,
			);
			mainGroup = 58BE955E1CA40E810031FFEE;
			productRefGroup = 58BE95681CA40E820031FFEE /* Products */;
			projectDirPath = "";
			projectRoot = "";
			targets = (
				58BE95661CA40E820031FFEE /* SmartiOSPublisher */,
			);
		};
/* End PBXProject section */

/* Begin PBXResourcesBuildPhase section */
		58BE95651CA40E820031FFEE /* Resources */ = {
			isa = PBXResourcesBuildPhase;
			buildActionMask = 2147483647;
			files = (
				586D8C2E1D1CDABD004737FF /* backIcon@2x.png in Resources */,
				586D8C341D1CDABD004737FF /* playSmall.png in Resources */,
				586D8C311D1CDABD004737FF /* btn_unselected@2x.png in Resources */,
				586D8C2D1D1CDABD004737FF /* back_color.png in Resources */,
				586D8C2F1D1CDABD004737FF /* btn_selected@2x.png in Resources */,
				586D8C351D1CDABD004737FF /* shareIcon@2x.png in Resources */,
				58BE957A1CA40E830031FFEE /* LaunchScreen.storyboard in Resources */,
				58BE95771CA40E830031FFEE /* Assets.xcassets in Resources */,
				58BE95751CA40E830031FFEE /* Main.storyboard in Resources */,
				586D8C361D1CDABD004737FF /* stopSmall.png in Resources */,
				586D8C331D1CDABD004737FF /* fullScreen@2x.png in Resources */,
				586D8C321D1CDABD004737FF /* btn_unselected@3x.png in Resources */,
				586D8C301D1CDABD004737FF /* btn_selected@3x.png in Resources */,
			);
			runOnlyForDeploymentPostprocessing = 0;
		};
/* End PBXResourcesBuildPhase section */

/* Begin PBXSourcesBuildPhase section */
		58BE95631CA40E820031FFEE /* Sources */ = {
			isa = PBXSourcesBuildPhase;
			buildActionMask = 2147483647;
			files = (
				58B63DDD1D1A71AB005C957B /* RecorderView.m in Sources */,
				58B63DDC1D1A71AB005C957B /* PlayVideoView.m in Sources */,
				58D469D71CD48AF60095925A /* SettingView.m in Sources */,
				58B63DD61D1A7039005C957B /* ConvertTime.m in Sources */,
				58BE95721CA40E820031FFEE /* ViewController.m in Sources */,
				58BE956F1CA40E820031FFEE /* AppDelegate.m in Sources */,
				58BE956C1CA40E820031FFEE /* main.m in Sources */,
			);
			runOnlyForDeploymentPostprocessing = 0;
		};
/* End PBXSourcesBuildPhase section */

/* Begin PBXVariantGroup section */
		58BE95731CA40E830031FFEE /* Main.storyboard */ = {
			isa = PBXVariantGroup;
			children = (
				58BE95741CA40E830031FFEE /* Base */,
			);
			name = Main.storyboard;
			sourceTree = "<group>";
		};
		58BE95781CA40E830031FFEE /* LaunchScreen.storyboard */ = {
			isa = PBXVariantGroup;
			children = (
				58BE95791CA40E830031FFEE /* Base */,
			);
			name = LaunchScreen.storyboard;
			sourceTree = "<group>";
		};
/* End PBXVariantGroup section */

/* Begin XCBuildConfiguration section */
		58BE957C1CA40E830031FFEE /* Debug */ = {
			isa = XCBuildConfiguration;
			buildSettings = {
				ALWAYS_SEARCH_USER_PATHS = NO;
				ARCHS = "$(ARCHS_STANDARD)";
				CLANG_CXX_LANGUAGE_STANDARD = "gnu++0x";
				CLANG_CXX_LIBRARY = "libc++";
				CLANG_ENABLE_MODULES = YES;
				CLANG_ENABLE_OBJC_ARC = YES;
				CLANG_WARN_BOOL_CONVERSION = YES;
				CLANG_WARN_CONSTANT_CONVERSION = YES;
				CLANG_WARN_DIRECT_OBJC_ISA_USAGE = YES_ERROR;
				CLANG_WARN_EMPTY_BODY = YES;
				CLANG_WARN_ENUM_CONVERSION = YES;
				CLANG_WARN_INT_CONVERSION = YES;
				CLANG_WARN_OBJC_ROOT_CLASS = YES_ERROR;
				CLANG_WARN_UNREACHABLE_CODE = YES;
				CLANG_WARN__DUPLICATE_METHOD_MATCH = YES;
				CODE_SIGN_IDENTITY = "iPhone Developer";
				"CODE_SIGN_IDENTITY[sdk=iphoneos*]" = "iPhone Developer";
				COPY_PHASE_STRIP = NO;
				DEBUG_INFORMATION_FORMAT = dwarf;
				ENABLE_STRICT_OBJC_MSGSEND = YES;
				ENABLE_TESTABILITY = YES;
				GCC_C_LANGUAGE_STANDARD = gnu99;
				GCC_DYNAMIC_NO_PIC = NO;
				GCC_NO_COMMON_BLOCKS = YES;
				GCC_OPTIMIZATION_LEVEL = 0;
				GCC_PREPROCESSOR_DEFINITIONS = (
					"DEBUG=1",
					"$(inherited)",
				);
				GCC_WARN_64_TO_32_BIT_CONVERSION = YES;
				GCC_WARN_ABOUT_RETURN_TYPE = YES_ERROR;
				GCC_WARN_UNDECLARED_SELECTOR = YES;
				GCC_WARN_UNINITIALIZED_AUTOS = YES_AGGRESSIVE;
				GCC_WARN_UNUSED_FUNCTION = YES;
				GCC_WARN_UNUSED_VARIABLE = YES;
				IPHONEOS_DEPLOYMENT_TARGET = 7.0;
				MTL_ENABLE_DEBUG_INFO = YES;
				ONLY_ACTIVE_ARCH = NO;
				SDKROOT = iphoneos;
				TARGETED_DEVICE_FAMILY = "1,2";
				VALID_ARCHS = "armv7 arm64";
			};
			name = Debug;
		};
		58BE957D1CA40E830031FFEE /* Release */ = {
			isa = XCBuildConfiguration;
			buildSettings = {
				ALWAYS_SEARCH_USER_PATHS = NO;
				ARCHS = "$(ARCHS_STANDARD)";
				CLANG_CXX_LANGUAGE_STANDARD = "gnu++0x";
				CLANG_CXX_LIBRARY = "libc++";
				CLANG_ENABLE_MODULES = YES;
				CLANG_ENABLE_OBJC_ARC = YES;
				CLANG_WARN_BOOL_CONVERSION = YES;
				CLANG_WARN_CONSTANT_CONVERSION = YES;
				CLANG_WARN_DIRECT_OBJC_ISA_USAGE = YES_ERROR;
				CLANG_WARN_EMPTY_BODY = YES;
				CLANG_WARN_ENUM_CONVERSION = YES;
				CLANG_WARN_INT_CONVERSION = YES;
				CLANG_WARN_OBJC_ROOT_CLASS = YES_ERROR;
				CLANG_WARN_UNREACHABLE_CODE = YES;
				CLANG_WARN__DUPLICATE_METHOD_MATCH = YES;
				CODE_SIGN_IDENTITY = "iPhone Developer";
				"CODE_SIGN_IDENTITY[sdk=iphoneos*]" = "iPhone Developer";
				COPY_PHASE_STRIP = NO;
				DEBUG_INFORMATION_FORMAT = "dwarf-with-dsym";
				ENABLE_NS_ASSERTIONS = NO;
				ENABLE_STRICT_OBJC_MSGSEND = YES;
				GCC_C_LANGUAGE_STANDARD = gnu99;
				GCC_NO_COMMON_BLOCKS = YES;
				GCC_WARN_64_TO_32_BIT_CONVERSION = YES;
				GCC_WARN_ABOUT_RETURN_TYPE = YES_ERROR;
				GCC_WARN_UNDECLARED_SELECTOR = YES;
				GCC_WARN_UNINITIALIZED_AUTOS = YES_AGGRESSIVE;
				GCC_WARN_UNUSED_FUNCTION = YES;
				GCC_WARN_UNUSED_VARIABLE = YES;
				IPHONEOS_DEPLOYMENT_TARGET = 7.0;
				MTL_ENABLE_DEBUG_INFO = NO;
				ONLY_ACTIVE_ARCH = YES;
				SDKROOT = iphoneos;
				TARGETED_DEVICE_FAMILY = "1,2";
				VALIDATE_PRODUCT = YES;
				VALID_ARCHS = "armv7 arm64";
			};
			name = Release;
		};
		58BE957F1CA40E830031FFEE /* Debug */ = {
			isa = XCBuildConfiguration;
			buildSettings = {
				ARCHS = "$(ARCHS_STANDARD)";
				ASSETCATALOG_COMPILER_APPICON_NAME = AppIcon;
				CLANG_ENABLE_OBJC_ARC = YES;
				CODE_SIGN_IDENTITY = "iPhone Developer";
				"CODE_SIGN_IDENTITY[sdk=iphoneos*]" = "iPhone Developer";
				CODE_SIGN_STYLE = Automatic;
				DEVELOPMENT_TEAM = WHT83EA5Y4;
				INFOPLIST_FILE = SmartiOSPublisher/Info.plist;
				IPHONEOS_DEPLOYMENT_TARGET = 7.0;
				LD_RUNPATH_SEARCH_PATHS = "$(inherited) @executable_path/Frameworks";
				LIBRARY_SEARCH_PATHS = (
					"$(inherited)",
					"$(PROJECT_DIR)/SmartiOSPublisher/libs",
				);
				PRODUCT_BUNDLE_IDENTIFIER = com.daniulive.SmartiOSPublisher;
				PRODUCT_NAME = "$(TARGET_NAME)";
				PROVISIONING_PROFILE = "";
				PROVISIONING_PROFILE_SPECIFIER = "";
				VALID_ARCHS = "armv7 arm64";
			};
			name = Debug;
		};
		58BE95801CA40E830031FFEE /* Release */ = {
			isa = XCBuildConfiguration;
			buildSettings = {
				ARCHS = "$(ARCHS_STANDARD)";
				ASSETCATALOG_COMPILER_APPICON_NAME = AppIcon;
				CLANG_ENABLE_OBJC_ARC = YES;
				CODE_SIGN_IDENTITY = "iPhone Developer";
				"CODE_SIGN_IDENTITY[sdk=iphoneos*]" = "iPhone Developer";
				CODE_SIGN_STYLE = Automatic;
				DEVELOPMENT_TEAM = WHT83EA5Y4;
				INFOPLIST_FILE = SmartiOSPublisher/Info.plist;
				IPHONEOS_DEPLOYMENT_TARGET = 7.0;
				LD_RUNPATH_SEARCH_PATHS = "$(inherited) @executable_path/Frameworks";
				LIBRARY_SEARCH_PATHS = (
					"$(inherited)",
					"$(PROJECT_DIR)/SmartiOSPublisher/libs",
				);
				ONLY_ACTIVE_ARCH = NO;
				PRODUCT_BUNDLE_IDENTIFIER = com.daniulive.SmartiOSPublisher;
				PRODUCT_NAME = "$(TARGET_NAME)";
				PROVISIONING_PROFILE = "";
				PROVISIONING_PROFILE_SPECIFIER = "";
				VALID_ARCHS = "armv7 arm64";
			};
			name = Release;
		};
/* End XCBuildConfiguration section */

/* Begin XCConfigurationList section */
		58BE95621CA40E810031FFEE /* Build configuration list for PBXProject "SmartiOSPublisher" */ = {
			isa = XCConfigurationList;
			buildConfigurations = (
				58BE957C1CA40E830031FFEE /* Debug */,
				58BE957D1CA40E830031FFEE /* Release */,
			);
			defaultConfigurationIsVisible = 0;
			defaultConfigurationName = Release;
		};
		58BE957E1CA40E830031FFEE /* Build configuration list for PBXNativeTarget "SmartiOSPublisher" */ = {
			isa = XCConfigurationList;
			buildConfigurations = (
				58BE957F1CA40E830031FFEE /* Debug */,
				58BE95801CA40E830031FFEE /* Release */,
			);
			defaultConfigurationIsVisible = 0;
			defaultConfigurationName = Release;
		};
/* End XCConfigurationList section */
	};
	rootObject = 58BE955F1CA40E810031FFEE /* Project object */;
}
