// !$*UTF8*$!
{
	archiveVersion = 1;
	classes = {
	};
	objectVersion = 46;
	objects = {

/* Begin PBXBuildFile section */
		0C34BB6B21EEF294002E5CDA /* libc++.tbd in Frameworks */ = {isa = PBXBuildFile; fileRef = 0C34BB6A21EEF294002E5CDA /* libc++.tbd */; };
		0C38D92D1DCA1DEC0061F87A /* VideoToolbox.framework in Frameworks */ = {isa = PBXBuildFile; fileRef = 0C38D92C1DCA1DEC0061F87A /* VideoToolbox.framework */; };
		0C38D92F1DCA1DFD0061F87A /* CoreMedia.framework in Frameworks */ = {isa = PBXBuildFile; fileRef = 0C38D92E1DCA1DFD0061F87A /* CoreMedia.framework */; };
		0CFB75BB201885D0007E0F93 /* libbz2.tbd in Frameworks */ = {isa = PBXBuildFile; fileRef = 0CFB75BA201885C2007E0F93 /* libbz2.tbd */; };
		582F76391CD716F1002E8F64 /* btn_selected@2x.png in Resources */ = {isa = PBXBuildFile; fileRef = 582F76321CD716F1002E8F64 /* btn_selected@2x.png */; };
		582F763A1CD716F1002E8F64 /* btn_selected@3x.png in Resources */ = {isa = PBXBuildFile; fileRef = 582F76331CD716F1002E8F64 /* btn_selected@3x.png */; };
		582F763B1CD716F1002E8F64 /* btn_unselected@2x.png in Resources */ = {isa = PBXBuildFile; fileRef = 582F76341CD716F1002E8F64 /* btn_unselected@2x.png */; };
		582F763C1CD716F1002E8F64 /* btn_unselected@3x.png in Resources */ = {isa = PBXBuildFile; fileRef = 582F76351CD716F1002E8F64 /* btn_unselected@3x.png */; };
		582F763E1CD716F1002E8F64 /* SettingView.m in Sources */ = {isa = PBXBuildFile; fileRef = 582F76381CD716F1002E8F64 /* SettingView.m */; };
		582F76401CD742AB002E8F64 /* start_playback.png in Resources */ = {isa = PBXBuildFile; fileRef = 582F763F1CD742AB002E8F64 /* start_playback.png */; };
		582FB8D21C885FD100CD6B44 /* main.m in Sources */ = {isa = PBXBuildFile; fileRef = 582FB8D11C885FD100CD6B44 /* main.m */; };
		582FB8D51C885FD100CD6B44 /* AppDelegate.m in Sources */ = {isa = PBXBuildFile; fileRef = 582FB8D41C885FD100CD6B44 /* AppDelegate.m */; };
		582FB8D81C885FD100CD6B44 /* ViewController.m in Sources */ = {isa = PBXBuildFile; fileRef = 582FB8D71C885FD100CD6B44 /* ViewController.m */; };
		582FB8DB1C885FD100CD6B44 /* Main.storyboard in Resources */ = {isa = PBXBuildFile; fileRef = 582FB8D91C885FD100CD6B44 /* Main.storyboard */; };
		582FB8DD1C885FD100CD6B44 /* Assets.xcassets in Resources */ = {isa = PBXBuildFile; fileRef = 582FB8DC1C885FD100CD6B44 /* Assets.xcassets */; };
		582FB8E01C885FD100CD6B44 /* LaunchScreen.storyboard in Resources */ = {isa = PBXBuildFile; fileRef = 582FB8DE1C885FD100CD6B44 /* LaunchScreen.storyboard */; };
		582FB8EE1C8869D800CD6B44 /* libiconv.tbd in Frameworks */ = {isa = PBXBuildFile; fileRef = 582FB8ED1C8869D800CD6B44 /* libiconv.tbd */; };
		582FB8F21C886A1600CD6B44 /* UIKit.framework in Frameworks */ = {isa = PBXBuildFile; fileRef = 582FB8F11C886A1600CD6B44 /* UIKit.framework */; };
		582FB8F41C886A2000CD6B44 /* GLKit.framework in Frameworks */ = {isa = PBXBuildFile; fileRef = 582FB8F31C886A2000CD6B44 /* GLKit.framework */; };
		582FB8F61C886A2E00CD6B44 /* OpenGLES.framework in Frameworks */ = {isa = PBXBuildFile; fileRef = 582FB8F51C886A2E00CD6B44 /* OpenGLES.framework */; };
		582FB8F81C886A3900CD6B44 /* AVFoundation.framework in Frameworks */ = {isa = PBXBuildFile; fileRef = 582FB8F71C886A3900CD6B44 /* AVFoundation.framework */; };
		582FB8FA1C886A4500CD6B44 /* QuartzCore.framework in Frameworks */ = {isa = PBXBuildFile; fileRef = 582FB8F91C886A4500CD6B44 /* QuartzCore.framework */; };
		582FB8FC1C886A5200CD6B44 /* AudioToolbox.framework in Frameworks */ = {isa = PBXBuildFile; fileRef = 582FB8FB1C886A5200CD6B44 /* AudioToolbox.framework */; };
		582FB9011C886D9000CD6B44 /* libz.tbd in Frameworks */ = {isa = PBXBuildFile; fileRef = 582FB8EB1C8869CB00CD6B44 /* libz.tbd */; };
		586930701D0AB2F10045421E /* libSmartPlayerSDK.a in Frameworks */ = {isa = PBXBuildFile; fileRef = 5869306F1D0AB2F10045421E /* libSmartPlayerSDK.a */; };
/* End PBXBuildFile section */

/* Begin PBXFileReference section */
		0C34BB6A21EEF294002E5CDA /* libc++.tbd */ = {isa = PBXFileReference; lastKnownFileType = "sourcecode.text-based-dylib-definition"; name = "libc++.tbd"; path = "usr/lib/libc++.tbd"; sourceTree = SDKROOT; };
		0C38D92C1DCA1DEC0061F87A /* VideoToolbox.framework */ = {isa = PBXFileReference; lastKnownFileType = wrapper.framework; name = VideoToolbox.framework; path = System/Library/Frameworks/VideoToolbox.framework; sourceTree = SDKROOT; };
		0C38D92E1DCA1DFD0061F87A /* CoreMedia.framework */ = {isa = PBXFileReference; lastKnownFileType = wrapper.framework; name = CoreMedia.framework; path = System/Library/Frameworks/CoreMedia.framework; sourceTree = SDKROOT; };
		0CFB75BA201885C2007E0F93 /* libbz2.tbd */ = {isa = PBXFileReference; lastKnownFileType = "sourcecode.text-based-dylib-definition"; name = libbz2.tbd; path = usr/lib/libbz2.tbd; sourceTree = SDKROOT; };
		582F76321CD716F1002E8F64 /* btn_selected@2x.png */ = {isa = PBXFileReference; lastKnownFileType = image.png; path = "btn_selected@2x.png"; sourceTree = "<group>"; };
		582F76331CD716F1002E8F64 /* btn_selected@3x.png */ = {isa = PBXFileReference; lastKnownFileType = image.png; path = "btn_selected@3x.png"; sourceTree = "<group>"; };
		582F76341CD716F1002E8F64 /* btn_unselected@2x.png */ = {isa = PBXFileReference; lastKnownFileType = image.png; path = "btn_unselected@2x.png"; sourceTree = "<group>"; };
		582F76351CD716F1002E8F64 /* btn_unselected@3x.png */ = {isa = PBXFileReference; lastKnownFileType = image.png; path = "btn_unselected@3x.png"; sourceTree = "<group>"; };
		582F76371CD716F1002E8F64 /* SettingView.h */ = {isa = PBXFileReference; fileEncoding = 4; lastKnownFileType = sourcecode.c.h; path = SettingView.h; sourceTree = "<group>"; };
		582F76381CD716F1002E8F64 /* SettingView.m */ = {isa = PBXFileReference; fileEncoding = 4; lastKnownFileType = sourcecode.c.objc; path = SettingView.m; sourceTree = "<group>"; };
		582F763F1CD742AB002E8F64 /* start_playback.png */ = {isa = PBXFileReference; lastKnownFileType = image.png; path = start_playback.png; sourceTree = "<group>"; };
		582FB8CD1C885FD100CD6B44 /* SmartiOSPlayer.app */ = {isa = PBXFileReference; explicitFileType = wrapper.application; includeInIndex = 0; path = SmartiOSPlayer.app; sourceTree = BUILT_PRODUCTS_DIR; };
		582FB8D11C885FD100CD6B44 /* main.m */ = {isa = PBXFileReference; lastKnownFileType = sourcecode.c.objc; path = main.m; sourceTree = "<group>"; };
		582FB8D31C885FD100CD6B44 /* AppDelegate.h */ = {isa = PBXFileReference; lastKnownFileType = sourcecode.c.h; path = AppDelegate.h; sourceTree = "<group>"; };
		582FB8D41C885FD100CD6B44 /* AppDelegate.m */ = {isa = PBXFileReference; lastKnownFileType = sourcecode.c.objc; path = AppDelegate.m; sourceTree = "<group>"; };
		582FB8D61C885FD100CD6B44 /* ViewController.h */ = {isa = PBXFileReference; lastKnownFileType = sourcecode.c.h; path = ViewController.h; sourceTree = "<group>"; };
		582FB8D71C885FD100CD6B44 /* ViewController.m */ = {isa = PBXFileReference; lastKnownFileType = sourcecode.c.objc; path = ViewController.m; sourceTree = "<group>"; };
		582FB8DA1C885FD100CD6B44 /* Base */ = {isa = PBXFileReference; lastKnownFileType = file.storyboard; name = Base; path = Base.lproj/Main.storyboard; sourceTree = "<group>"; };
		582FB8DC1C885FD100CD6B44 /* Assets.xcassets */ = {isa = PBXFileReference; lastKnownFileType = folder.assetcatalog; path = Assets.xcassets; sourceTree = "<group>"; };
		582FB8DF1C885FD100CD6B44 /* Base */ = {isa = PBXFileReference; lastKnownFileType = file.storyboard; name = Base; path = Base.lproj/LaunchScreen.storyboard; sourceTree = "<group>"; };
		582FB8E11C885FD100CD6B44 /* Info.plist */ = {isa = PBXFileReference; lastKnownFileType = text.plist.xml; path = Info.plist; sourceTree = "<group>"; };
		582FB8EB1C8869CB00CD6B44 /* libz.tbd */ = {isa = PBXFileReference; lastKnownFileType = "sourcecode.text-based-dylib-definition"; name = libz.tbd; path = usr/lib/libz.tbd; sourceTree = SDKROOT; };
		582FB8ED1C8869D800CD6B44 /* libiconv.tbd */ = {isa = PBXFileReference; lastKnownFileType = "sourcecode.text-based-dylib-definition"; name = libiconv.tbd; path = usr/lib/libiconv.tbd; sourceTree = SDKROOT; };
		582FB8F11C886A1600CD6B44 /* UIKit.framework */ = {isa = PBXFileReference; lastKnownFileType = wrapper.framework; name = UIKit.framework; path = System/Library/Frameworks/UIKit.framework; sourceTree = SDKROOT; };
		582FB8F31C886A2000CD6B44 /* GLKit.framework */ = {isa = PBXFileReference; lastKnownFileType = wrapper.framework; name = GLKit.framework; path = System/Library/Frameworks/GLKit.framework; sourceTree = SDKROOT; };
		582FB8F51C886A2E00CD6B44 /* OpenGLES.framework */ = {isa = PBXFileReference; lastKnownFileType = wrapper.framework; name = OpenGLES.framework; path = System/Library/Frameworks/OpenGLES.framework; sourceTree = SDKROOT; };
		582FB8F71C886A3900CD6B44 /* AVFoundation.framework */ = {isa = PBXFileReference; lastKnownFileType = wrapper.framework; name = AVFoundation.framework; path = System/Library/Frameworks/AVFoundation.framework; sourceTree = SDKROOT; };
		582FB8F91C886A4500CD6B44 /* QuartzCore.framework */ = {isa = PBXFileReference; lastKnownFileType = wrapper.framework; name = QuartzCore.framework; path = System/Library/Frameworks/QuartzCore.framework; sourceTree = SDKROOT; };
		582FB8FB1C886A5200CD6B44 /* AudioToolbox.framework */ = {isa = PBXFileReference; lastKnownFileType = wrapper.framework; name = AudioToolbox.framework; path = System/Library/Frameworks/AudioToolbox.framework; sourceTree = SDKROOT; };
		5869306C1D0AB2E90045421E /* nt_event_define.h */ = {isa = PBXFileReference; fileEncoding = 4; lastKnownFileType = sourcecode.c.h; path = nt_event_define.h; sourceTree = "<group>"; };
		5869306D1D0AB2E90045421E /* SmartPlayerSDK.h */ = {isa = PBXFileReference; fileEncoding = 4; lastKnownFileType = sourcecode.c.h; path = SmartPlayerSDK.h; sourceTree = "<group>"; };
		5869306F1D0AB2F10045421E /* libSmartPlayerSDK.a */ = {isa = PBXFileReference; lastKnownFileType = archive.ar; path = libSmartPlayerSDK.a; sourceTree = "<group>"; };
/* End PBXFileReference section */

/* Begin PBXFrameworksBuildPhase section */
		582FB8CA1C885FD100CD6B44 /* Frameworks */ = {
			isa = PBXFrameworksBuildPhase;
			buildActionMask = 2147483647;
			files = (
				0C38D92F1DCA1DFD0061F87A /* CoreMedia.framework in Frameworks */,
				0C38D92D1DCA1DEC0061F87A /* VideoToolbox.framework in Frameworks */,
				582FB8FC1C886A5200CD6B44 /* AudioToolbox.framework in Frameworks */,
				582FB8FA1C886A4500CD6B44 /* QuartzCore.framework in Frameworks */,
				582FB8F81C886A3900CD6B44 /* AVFoundation.framework in Frameworks */,
				582FB8F61C886A2E00CD6B44 /* OpenGLES.framework in Frameworks */,
				582FB8F41C886A2000CD6B44 /* GLKit.framework in Frameworks */,
				582FB8F21C886A1600CD6B44 /* UIKit.framework in Frameworks */,
				0C34BB6B21EEF294002E5CDA /* libc++.tbd in Frameworks */,
				0CFB75BB201885D0007E0F93 /* libbz2.tbd in Frameworks */,
				582FB9011C886D9000CD6B44 /* libz.tbd in Frameworks */,
				582FB8EE1C8869D800CD6B44 /* libiconv.tbd in Frameworks */,
				586930701D0AB2F10045421E /* libSmartPlayerSDK.a in Frameworks */,
			);
			runOnlyForDeploymentPostprocessing = 0;
		};
/* End PBXFrameworksBuildPhase section */

/* Begin PBXGroup section */
		0CFB75B9201885C2007E0F93 /* Frameworks */ = {
			isa = PBXGroup;
			children = (
				0C34BB6A21EEF294002E5CDA /* libc++.tbd */,
			);
			name = Frameworks;
			sourceTree = "<group>";
		};
		582F76311CD716F1002E8F64 /* images */ = {
			isa = PBXGroup;
			children = (
				582F763F1CD742AB002E8F64 /* start_playback.png */,
				582F76321CD716F1002E8F64 /* btn_selected@2x.png */,
				582F76331CD716F1002E8F64 /* btn_selected@3x.png */,
				582F76341CD716F1002E8F64 /* btn_unselected@2x.png */,
				582F76351CD716F1002E8F64 /* btn_unselected@3x.png */,
			);
			path = images;
			sourceTree = "<group>";
		};
		582FB8C41C885FD000CD6B44 = {
			isa = PBXGroup;
			children = (
				586D8C371D1CF1C9004737FF /* framework */,
				582FB8CF1C885FD100CD6B44 /* SmartiOSPlayer */,
				582FB8CE1C885FD100CD6B44 /* Products */,
				0CFB75B9201885C2007E0F93 /* Frameworks */,
			);
			sourceTree = "<group>";
		};
		582FB8CE1C885FD100CD6B44 /* Products */ = {
			isa = PBXGroup;
			children = (
				582FB8CD1C885FD100CD6B44 /* SmartiOSPlayer.app */,
			);
			name = Products;
			sourceTree = "<group>";
		};
		582FB8CF1C885FD100CD6B44 /* SmartiOSPlayer */ = {
			isa = PBXGroup;
			children = (
				5869306E1D0AB2F10045421E /* libs */,
				5869306B1D0AB2E80045421E /* include */,
				582F76311CD716F1002E8F64 /* images */,
				582F76371CD716F1002E8F64 /* SettingView.h */,
				582F76381CD716F1002E8F64 /* SettingView.m */,
				582FB8D31C885FD100CD6B44 /* AppDelegate.h */,
				582FB8D41C885FD100CD6B44 /* AppDelegate.m */,
				582FB8D61C885FD100CD6B44 /* ViewController.h */,
				582FB8D71C885FD100CD6B44 /* ViewController.m */,
				582FB8D91C885FD100CD6B44 /* Main.storyboard */,
				582FB8DC1C885FD100CD6B44 /* Assets.xcassets */,
				582FB8DE1C885FD100CD6B44 /* LaunchScreen.storyboard */,
				582FB8E11C885FD100CD6B44 /* Info.plist */,
				582FB8D01C885FD100CD6B44 /* Supporting Files */,
			);
			path = SmartiOSPlayer;
			sourceTree = "<group>";
		};
		582FB8D01C885FD100CD6B44 /* Supporting Files */ = {
			isa = PBXGroup;
			children = (
				582FB8D11C885FD100CD6B44 /* main.m */,
			);
			name = "Supporting Files";
			sourceTree = "<group>";
		};
		5869306B1D0AB2E80045421E /* include */ = {
			isa = PBXGroup;
			children = (
				5869306C1D0AB2E90045421E /* nt_event_define.h */,
				5869306D1D0AB2E90045421E /* SmartPlayerSDK.h */,
			);
			path = include;
			sourceTree = "<group>";
		};
		5869306E1D0AB2F10045421E /* libs */ = {
			isa = PBXGroup;
			children = (
				5869306F1D0AB2F10045421E /* libSmartPlayerSDK.a */,
			);
			path = libs;
			sourceTree = "<group>";
		};
		586D8C371D1CF1C9004737FF /* framework */ = {
			isa = PBXGroup;
			children = (
				0C38D92C1DCA1DEC0061F87A /* VideoToolbox.framework */,
				0C38D92E1DCA1DFD0061F87A /* CoreMedia.framework */,
				582FB8FB1C886A5200CD6B44 /* AudioToolbox.framework */,
				582FB8F91C886A4500CD6B44 /* QuartzCore.framework */,
				582FB8F71C886A3900CD6B44 /* AVFoundation.framework */,
				582FB8F51C886A2E00CD6B44 /* OpenGLES.framework */,
				582FB8F31C886A2000CD6B44 /* GLKit.framework */,
				582FB8F11C886A1600CD6B44 /* UIKit.framework */,
				0CFB75BA201885C2007E0F93 /* libbz2.tbd */,
				582FB8ED1C8869D800CD6B44 /* libiconv.tbd */,
				582FB8EB1C8869CB00CD6B44 /* libz.tbd */,
			);
			name = framework;
			sourceTree = "<group>";
		};
/* End PBXGroup section */

/* Begin PBXNativeTarget section */
		582FB8CC1C885FD100CD6B44 /* SmartiOSPlayer */ = {
			isa = PBXNativeTarget;
			buildConfigurationList = 582FB8E41C885FD100CD6B44 /* Build configuration list for PBXNativeTarget "SmartiOSPlayer" */;
			buildPhases = (
				582FB8C91C885FD100CD6B44 /* Sources */,
				582FB8CA1C885FD100CD6B44 /* Frameworks */,
				582FB8CB1C885FD100CD6B44 /* Resources */,
			);
			buildRules = (
			);
			dependencies = (
			);
			name = SmartiOSPlayer;
			productName = SmartiOSPlayer;
			productReference = 582FB8CD1C885FD100CD6B44 /* SmartiOSPlayer.app */;
			productType = "com.apple.product-type.application";
		};
/* End PBXNativeTarget section */

/* Begin PBXProject section */
		582FB8C51C885FD100CD6B44 /* Project object */ = {
			isa = PBXProject;
			attributes = {
				LastUpgradeCheck = 0720;
				ORGANIZATIONNAME = daniulive;
				TargetAttributes = {
					582FB8CC1C885FD100CD6B44 = {
						CreatedOnToolsVersion = 7.2;
						DevelopmentTeam = WHT83EA5Y4;
						ProvisioningStyle = Automatic;
					};
				};
			};
			buildConfigurationList = 582FB8C81C885FD100CD6B44 /* Build configuration list for PBXProject "SmartiOSPlayer" */;
			compatibilityVersion = "Xcode 3.2";
			developmentRegion = English;
			hasScannedForEncodings = 0;
			knownRegions = (
				en,
				Base,
			);
			mainGroup = 582FB8C41C885FD000CD6B44;
			productRefGroup = 582FB8CE1C885FD100CD6B44 /* Products */;
			projectDirPath = "";
			projectRoot = "";
			targets = (
				582FB8CC1C885FD100CD6B44 /* SmartiOSPlayer */,
			);
		};
/* End PBXProject section */

/* Begin PBXResourcesBuildPhase section */
		582FB8CB1C885FD100CD6B44 /* Resources */ = {
			isa = PBXResourcesBuildPhase;
			buildActionMask = 2147483647;
			files = (
				582F76391CD716F1002E8F64 /* btn_selected@2x.png in Resources */,
				582F76401CD742AB002E8F64 /* start_playback.png in Resources */,
				582F763B1CD716F1002E8F64 /* btn_unselected@2x.png in Resources */,
				582FB8E01C885FD100CD6B44 /* LaunchScreen.storyboard in Resources */,
				582F763A1CD716F1002E8F64 /* btn_selected@3x.png in Resources */,
				582F763C1CD716F1002E8F64 /* btn_unselected@3x.png in Resources */,
				582FB8DD1C885FD100CD6B44 /* Assets.xcassets in Resources */,
				582FB8DB1C885FD100CD6B44 /* Main.storyboard in Resources */,
			);
			runOnlyForDeploymentPostprocessing = 0;
		};
/* End PBXResourcesBuildPhase section */

/* Begin PBXSourcesBuildPhase section */
		582FB8C91C885FD100CD6B44 /* Sources */ = {
			isa = PBXSourcesBuildPhase;
			buildActionMask = 2147483647;
			files = (
				582FB8D81C885FD100CD6B44 /* ViewController.m in Sources */,
				582F763E1CD716F1002E8F64 /* SettingView.m in Sources */,
				582FB8D51C885FD100CD6B44 /* AppDelegate.m in Sources */,
				582FB8D21C885FD100CD6B44 /* main.m in Sources */,
			);
			runOnlyForDeploymentPostprocessing = 0;
		};
/* End PBXSourcesBuildPhase section */

/* Begin PBXVariantGroup section */
		582FB8D91C885FD100CD6B44 /* Main.storyboard */ = {
			isa = PBXVariantGroup;
			children = (
				582FB8DA1C885FD100CD6B44 /* Base */,
			);
			name = Main.storyboard;
			sourceTree = "<group>";
		};
		582FB8DE1C885FD100CD6B44 /* LaunchScreen.storyboard */ = {
			isa = PBXVariantGroup;
			children = (
				582FB8DF1C885FD100CD6B44 /* Base */,
			);
			name = LaunchScreen.storyboard;
			sourceTree = "<group>";
		};
/* End PBXVariantGroup section */

/* Begin XCBuildConfiguration section */
		582FB8E21C885FD100CD6B44 /* Debug */ = {
			isa = XCBuildConfiguration;
			buildSettings = {
				ALWAYS_SEARCH_USER_PATHS = NO;
				ARCHS = "$(ARCHS_STANDARD)";
				CLANG_CXX_LANGUAGE_STANDARD = "gnu++0x";
				CLANG_CXX_LIBRARY = "libc++";
				CLANG_ENABLE_MODULES = YES;
				CLANG_ENABLE_OBJC_ARC = NO;
				CLANG_WARN_BOOL_CONVERSION = YES;
				CLANG_WARN_CONSTANT_CONVERSION = YES;
				CLANG_WARN_DIRECT_OBJC_ISA_USAGE = YES_ERROR;
				CLANG_WARN_EMPTY_BODY = YES;
				CLANG_WARN_ENUM_CONVERSION = YES;
				CLANG_WARN_INT_CONVERSION = YES;
				CLANG_WARN_OBJC_ROOT_CLASS = YES_ERROR;
				CLANG_WARN_UNREACHABLE_CODE = YES;
				CLANG_WARN__DUPLICATE_METHOD_MATCH = YES;
				CODE_SIGN_IDENTITY = "iPhone Developer: yan jie ni (L58GFJB3ZD)";
				"CODE_SIGN_IDENTITY[sdk=iphoneos*]" = "";
				COPY_PHASE_STRIP = NO;
				DEBUG_INFORMATION_FORMAT = dwarf;
				DEVELOPMENT_TEAM = WHT83EA5Y4;
				ENABLE_STRICT_OBJC_MSGSEND = YES;
				ENABLE_TESTABILITY = YES;
				GCC_C_LANGUAGE_STANDARD = gnu99;
				GCC_DYNAMIC_NO_PIC = NO;
				GCC_NO_COMMON_BLOCKS = YES;
				GCC_OPTIMIZATION_LEVEL = 0;
				GCC_PREPROCESSOR_DEFINITIONS = (
					"DEBUG=1",
					"$(inherited)",
				);
				GCC_WARN_64_TO_32_BIT_CONVERSION = YES;
				GCC_WARN_ABOUT_RETURN_TYPE = YES_ERROR;
				GCC_WARN_UNDECLARED_SELECTOR = YES;
				GCC_WARN_UNINITIALIZED_AUTOS = YES_AGGRESSIVE;
				GCC_WARN_UNUSED_FUNCTION = YES;
				GCC_WARN_UNUSED_VARIABLE = YES;
				IPHONEOS_DEPLOYMENT_TARGET = 8.0;
				MTL_ENABLE_DEBUG_INFO = YES;
				ONLY_ACTIVE_ARCH = NO;
				PROVISIONING_PROFILE = "1eb29052-bd16-4f0d-ba22-5c86050004bb";
				PROVISIONING_PROFILE_SPECIFIER = NiProfile;
				SDKROOT = iphoneos;
				TARGETED_DEVICE_FAMILY = "1,2";
				VALID_ARCHS = "armv7 arm64";
			};
			name = Debug;
		};
		582FB8E31C885FD100CD6B44 /* Release */ = {
			isa = XCBuildConfiguration;
			buildSettings = {
				ALWAYS_SEARCH_USER_PATHS = NO;
				ARCHS = "$(ARCHS_STANDARD)";
				CLANG_CXX_LANGUAGE_STANDARD = "gnu++0x";
				CLANG_CXX_LIBRARY = "libc++";
				CLANG_ENABLE_MODULES = YES;
				CLANG_ENABLE_OBJC_ARC = NO;
				CLANG_WARN_BOOL_CONVERSION = YES;
				CLANG_WARN_CONSTANT_CONVERSION = YES;
				CLANG_WARN_DIRECT_OBJC_ISA_USAGE = YES_ERROR;
				CLANG_WARN_EMPTY_BODY = YES;
				CLANG_WARN_ENUM_CONVERSION = YES;
				CLANG_WARN_INT_CONVERSION = YES;
				CLANG_WARN_OBJC_ROOT_CLASS = YES_ERROR;
				CLANG_WARN_UNREACHABLE_CODE = YES;
				CLANG_WARN__DUPLICATE_METHOD_MATCH = YES;
				CODE_SIGN_IDENTITY = "iPhone Developer: yan jie ni (L58GFJB3ZD)";
				"CODE_SIGN_IDENTITY[sdk=iphoneos*]" = "";
				COPY_PHASE_STRIP = NO;
				DEBUG_INFORMATION_FORMAT = "dwarf-with-dsym";
				DEVELOPMENT_TEAM = WHT83EA5Y4;
				ENABLE_NS_ASSERTIONS = NO;
				ENABLE_STRICT_OBJC_MSGSEND = YES;
				GCC_C_LANGUAGE_STANDARD = gnu99;
				GCC_NO_COMMON_BLOCKS = YES;
				GCC_WARN_64_TO_32_BIT_CONVERSION = YES;
				GCC_WARN_ABOUT_RETURN_TYPE = YES_ERROR;
				GCC_WARN_UNDECLARED_SELECTOR = YES;
				GCC_WARN_UNINITIALIZED_AUTOS = YES_AGGRESSIVE;
				GCC_WARN_UNUSED_FUNCTION = YES;
				GCC_WARN_UNUSED_VARIABLE = YES;
				IPHONEOS_DEPLOYMENT_TARGET = 8.0;
				MTL_ENABLE_DEBUG_INFO = NO;
				ONLY_ACTIVE_ARCH = YES;
				PROVISIONING_PROFILE = "1eb29052-bd16-4f0d-ba22-5c86050004bb";
				PROVISIONING_PROFILE_SPECIFIER = NiProfile;
				SDKROOT = iphoneos;
				TARGETED_DEVICE_FAMILY = "1,2";
				VALIDATE_PRODUCT = YES;
				VALID_ARCHS = "armv7 arm64";
			};
			name = Release;
		};
		582FB8E51C885FD100CD6B44 /* Debug */ = {
			isa = XCBuildConfiguration;
			buildSettings = {
				ARCHS = "$(ARCHS_STANDARD)";
				ASSETCATALOG_COMPILER_APPICON_NAME = AppIcon;
				CLANG_CXX_LANGUAGE_STANDARD = "gnu++0x";
				CLANG_ENABLE_OBJC_ARC = YES;
				CODE_SIGN_IDENTITY = "iPhone Developer: yan jie ni (L58GFJB3ZD)";
				"CODE_SIGN_IDENTITY[sdk=iphoneos*]" = "iPhone Developer";
				DEVELOPMENT_TEAM = WHT83EA5Y4;
				INFOPLIST_FILE = SmartiOSPlayer/Info.plist;
				LD_RUNPATH_SEARCH_PATHS = "$(inherited) @executable_path/Frameworks";
				LIBRARY_SEARCH_PATHS = (
					"$(inherited)",
					"$(PROJECT_DIR)/SmartiOSPlayer",
					"$(PROJECT_DIR)/SmartiOSPlayer/libs",
				);
				ONLY_ACTIVE_ARCH = NO;
				PRODUCT_BUNDLE_IDENTIFIER = com.daniulive.SmartiOSPlayer;
				PRODUCT_NAME = SmartiOSPlayer;
				PROVISIONING_PROFILE = "";
				PROVISIONING_PROFILE_SPECIFIER = "";
				VALID_ARCHS = "armv7 arm64";
			};
			name = Debug;
		};
		582FB8E61C885FD100CD6B44 /* Release */ = {
			isa = XCBuildConfiguration;
			buildSettings = {
				ARCHS = "$(ARCHS_STANDARD)";
				ASSETCATALOG_COMPILER_APPICON_NAME = AppIcon;
				CLANG_CXX_LANGUAGE_STANDARD = "gnu++0x";
				CLANG_ENABLE_OBJC_ARC = YES;
				CODE_SIGN_IDENTITY = "iPhone Developer: yan jie ni (L58GFJB3ZD)";
				"CODE_SIGN_IDENTITY[sdk=iphoneos*]" = "iPhone Developer";
				DEVELOPMENT_TEAM = WHT83EA5Y4;
				INFOPLIST_FILE = SmartiOSPlayer/Info.plist;
				LD_RUNPATH_SEARCH_PATHS = "$(inherited) @executable_path/Frameworks";
				LIBRARY_SEARCH_PATHS = (
					"$(inherited)",
					"$(PROJECT_DIR)/SmartiOSPlayer",
					"$(PROJECT_DIR)/SmartiOSPlayer/libs",
				);
				ONLY_ACTIVE_ARCH = NO;
				PRODUCT_BUNDLE_IDENTIFIER = com.daniulive.SmartiOSPlayer;
				PRODUCT_NAME = SmartiOSPlayer;
				PROVISIONING_PROFILE = "";
				PROVISIONING_PROFILE_SPECIFIER = "";
				VALID_ARCHS = "armv7 arm64";
			};
			name = Release;
		};
/* End XCBuildConfiguration section */

/* Begin XCConfigurationList section */
		582FB8C81C885FD100CD6B44 /* Build configuration list for PBXProject "SmartiOSPlayer" */ = {
			isa = XCConfigurationList;
			buildConfigurations = (
				582FB8E21C885FD100CD6B44 /* Debug */,
				582FB8E31C885FD100CD6B44 /* Release */,
			);
			defaultConfigurationIsVisible = 0;
			defaultConfigurationName = Release;
		};
		582FB8E41C885FD100CD6B44 /* Build configuration list for PBXNativeTarget "SmartiOSPlayer" */ = {
			isa = XCConfigurationList;
			buildConfigurations = (
				582FB8E51C885FD100CD6B44 /* Debug */,
				582FB8E61C885FD100CD6B44 /* Release */,
			);
			defaultConfigurationIsVisible = 0;
			defaultConfigurationName = Release;
		};
/* End XCConfigurationList section */
	};
	rootObject = 582FB8C51C885FD100CD6B44 /* Project object */;
}
